
Microsoft Visual Studio Solution File, Format Version 12.00
# Visual Studio Version 17
VisualStudioVersion = 17.9.34723.18
MinimumVisualStudioVersion = 10.0.40219.1
Project("{9A19103F-16F7-4668-BE54-9A1E7A4F7556}") = "exercise1", "exercise1\exercise1.csproj", "{492289E4-4EDB-45FA-AD4C-3A250F238732}"
EndProject
Project("{9A19103F-16F7-4668-BE54-9A1E7A4F7556}") = "exercise2", "exercise2\exercise2.csproj", "{7E42E90A-3930-409D-84B7-F67C3C8C0AF2}"
EndProject
Project("{9A19103F-16F7-4668-BE54-9A1E7A4F7556}") = "exercise3", "exercise3\exercise3.csproj", "{4FB891D4-0FAA-486B-815C-4CF91F442BB3}"
EndProject
Project("{9A19103F-16F7-4668-BE54-9A1E7A4F7556}") = "exercise4", "exercise4\exercise4.csproj", "{9FB6DDAD-1EFE-4E08-85BC-6BAF35EE629C}"
EndProject
Project("{FAE04EC0-301F-11D3-BF4B-00C04F79EFBC}") = "exercise5", "exercise5\exercise5.csproj", "{67B3A19D-A758-4BD8-BAEE-3425FB8E9510}"
EndProject
Project("{FAE04EC0-301F-11D3-BF4B-00C04F79EFBC}") = "exercise6", "exercise6\exercise6.csproj", "{31AFFCBF-CFBA-4231-897E-D42967ADE60D}"
EndProject
Global
	GlobalSection(SolutionConfigurationPlatforms) = preSolution
		Debug|Any CPU = Debug|Any CPU
		Release|Any CPU = Release|Any CPU
	EndGlobalSection
	GlobalSection(ProjectConfigurationPlatforms) = postSolution
		{492289E4-4EDB-45FA-AD4C-3A250F238732}.Debug|Any CPU.ActiveCfg = Debug|Any CPU
		{492289E4-4EDB-45FA-AD4C-3A250F238732}.Debug|Any CPU.Build.0 = Debug|Any CPU
		{492289E4-4EDB-45FA-AD4C-3A250F238732}.Release|Any CPU.ActiveCfg = Release|Any CPU
		{492289E4-4EDB-45FA-AD4C-3A250F238732}.Release|Any CPU.Build.0 = Release|Any CPU
		{7E42E90A-3930-409D-84B7-F67C3C8C0AF2}.Debug|Any CPU.ActiveCfg = Debug|Any CPU
		{7E42E90A-3930-409D-84B7-F67C3C8C0AF2}.Debug|Any CPU.Build.0 = Debug|Any CPU
		{7E42E90A-3930-409D-84B7-F67C3C8C0AF2}.Release|Any CPU.ActiveCfg = Release|Any CPU
		{7E42E90A-3930-409D-84B7-F67C3C8C0AF2}.Release|Any CPU.Build.0 = Release|Any CPU
		{4FB891D4-0FAA-486B-815C-4CF91F442BB3}.Debug|Any CPU.ActiveCfg = Debug|Any CPU
		{4FB891D4-0FAA-486B-815C-4CF91F442BB3}.Debug|Any CPU.Build.0 = Debug|Any CPU
		{4FB891D4-0FAA-486B-815C-4CF91F442BB3}.Release|Any CPU.ActiveCfg = Release|Any CPU
		{4FB891D4-0FAA-486B-815C-4CF91F442BB3}.Release|Any CPU.Build.0 = Release|Any CPU
		{9FB6DDAD-1EFE-4E08-85BC-6BAF35EE629C}.Debug|Any CPU.ActiveCfg = Debug|Any CPU
		{9FB6DDAD-1EFE-4E08-85BC-6BAF35EE629C}.Debug|Any CPU.Build.0 = Debug|Any CPU
		{9FB6DDAD-1EFE-4E08-85BC-6BAF35EE629C}.Release|Any CPU.ActiveCfg = Release|Any CPU
		{9FB6DDAD-1EFE-4E08-85BC-6BAF35EE629C}.Release|Any CPU.Build.0 = Release|Any CPU
		{67B3A19D-A758-4BD8-BAEE-3425FB8E9510}.Debug|Any CPU.ActiveCfg = Debug|Any CPU
		{67B3A19D-A758-4BD8-BAEE-3425FB8E9510}.Debug|Any CPU.Build.0 = Debug|Any CPU
		{67B3A19D-A758-4BD8-BAEE-3425FB8E9510}.Release|Any CPU.ActiveCfg = Release|Any CPU
		{67B3A19D-A758-4BD8-BAEE-3425FB8E9510}.Release|Any CPU.Build.0 = Release|Any CPU
		{31AFFCBF-CFBA-4231-897E-D42967ADE60D}.Debug|Any CPU.ActiveCfg = Debug|Any CPU
		{31AFFCBF-CFBA-4231-897E-D42967ADE60D}.Debug|Any CPU.Build.0 = Debug|Any CPU
		{31AFFCBF-CFBA-4231-897E-D42967ADE60D}.Release|Any CPU.ActiveCfg = Release|Any CPU
		{31AFFCBF-CFBA-4231-897E-D42967ADE60D}.Release|Any CPU.Build.0 = Release|Any CPU
	EndGlobalSection
	GlobalSection(SolutionProperties) = preSolution
		HideSolutionNode = FALSE
	EndGlobalSection
	GlobalSection(ExtensibilityGlobals) = postSolution
		SolutionGuid = {A5D42116-8A40-47DC-8363-0A25DDD3EA5E}
	EndGlobalSection
EndGlobal
