
Microsoft Visual Studio Solution File, Format Version 12.00
# Visual Studio Version 17
VisualStudioVersion = 17.9.34728.123
MinimumVisualStudioVersion = 10.0.40219.1
Project("{FAE04EC0-301F-11D3-BF4B-00C04F79EFBC}") = "MyNotes", "MyNotes.csproj", "{72AAF41F-FE23-4599-81C6-6A19D1DEDE33}"
EndProject
Global
	GlobalSection(SolutionConfigurationPlatforms) = preSolution
		Debug|Any CPU = Debug|Any CPU
		Release|Any CPU = Release|Any CPU
	EndGlobalSection
	GlobalSection(ProjectConfigurationPlatforms) = postSolution
		{72AAF41F-FE23-4599-81C6-6A19D1DEDE33}.Debug|Any CPU.ActiveCfg = Debug|Any CPU
		{72AAF41F-FE23-4599-81C6-6A19D1DEDE33}.Debug|Any CPU.Build.0 = Debug|Any CPU
		{72AAF41F-FE23-4599-81C6-6A19D1DEDE33}.Release|Any CPU.ActiveCfg = Release|Any CPU
		{72AAF41F-FE23-4599-81C6-6A19D1DEDE33}.Release|Any CPU.Build.0 = Release|Any CPU
	EndGlobalSection
	GlobalSection(SolutionProperties) = preSolution
		HideSolutionNode = FALSE
	EndGlobalSection
	GlobalSection(ExtensibilityGlobals) = postSolution
		SolutionGuid = {750DC9E7-FD90-4AB9-B4AA-5FE4192F720B}
	EndGlobalSection
EndGlobal
